{
    "_readme": [
        "This file locks the dependencies of your project to a known state",
        "Read more about it at https://getcomposer.org/doc/01-basic-usage.md#installing-dependencies",
        "This file is @generated automatically"
    ],
    "content-hash": "6d39c58a1ea0fd2f0712a22ffc132fe2",
    "packages": [
        {
            "name": "ilias/dotenv",
            "version": "1.0.4",
            "source": {
                "type": "git",
                "url": "https://github.com/iloElias/dotenv.git",
                "reference": "d208f1470584e60ce2d9ceef4e040ce4dd0b6d28"
            },
            "dist": {
                "type": "zip",
                "url": "https://api.github.com/repos/iloElias/dotenv/zipball/d208f1470584e60ce2d9ceef4e040ce4dd0b6d28",
                "reference": "d208f1470584e60ce2d9ceef4e040ce4dd0b6d28",
                "shasum": ""
            },
            "require-dev": {
                "phpunit/phpunit": "^11.4@dev"
            },
            "type": "project",
            "autoload": {
                "psr-4": {
                    "Ilias\\Dotenv\\": "src/"
                }
            },
            "notification-url": "https://packagist.org/downloads/",
            "authors": [
                {
                    "name": "Murilo Elias",
                    "email": "murilo7456@gmail.com"
                }
            ],
            "description": "A PHP dotenv reader",
            "support": {
                "issues": "https://github.com/iloElias/dotenv/issues",
                "source": "https://github.com/iloElias/dotenv/tree/1.0.4"
            },
            "time": "2024-10-05T17:08:13+00:00"
        },
        {
            "name": "ilias/maestro",
            "version": "1.3.1",
            "source": {
                "type": "git",
                "url": "https://github.com/iloElias/maestro.git",
                "reference": "334543af5c415e65f1e475c6201367ac080c364e"
            },
            "dist": {
                "type": "zip",
                "url": "https://api.github.com/repos/iloElias/maestro/zipball/334543af5c415e65f1e475c6201367ac080c364e",
                "reference": "334543af5c415e65f1e475c6201367ac080c364e",
                "shasum": ""
            },
            "require": {
                "ilias/dotenv": "^1.0"
            },
            "require-dev": {
                "phpunit/phpunit": "^11.2"
            },
            "type": "library",
            "autoload": {
                "psr-4": {
                    "Ilias\\Maestro\\": "src/"
                }
            },
            "notification-url": "https://packagist.org/downloads/",
            "license": [
                "MIT"
            ],
            "authors": [
                {
                    "name": "Murilo Elias",
                    "email": "murilo7456@gmail.com"
                },
                {
                    "name": "Divino Henrique",
                    "email": "dhenriquearantes@gmail.com"
                }
            ],
            "description": "A PHP object-oriented postgres database manager",
            "homepage": "https://github.com/iloElias/maestro",
            "keywords": [
                "orm",
                "pgsql",
                "postgres"
            ],
            "support": {
                "issues": "https://github.com/iloElias/maestro/issues",
                "source": "https://github.com/iloElias/maestro/tree/1.3.1"
            },
            "time": "2024-10-13T16:17:39+00:00"
        }
    ],
    "packages-dev": [],
    "aliases": [],
    "minimum-stability": "stable",
    "stability-flags": {},
    "prefer-stable": false,
    "prefer-lowest": false,
    "platform": {},
    "platform-dev": {},
    "plugin-api-version": "2.6.0"
}
